
Microsoft Visual Studio Solution File, Format Version 12.00
# Visual Studio 15
VisualStudioVersion = 15.0.27004.2010
MinimumVisualStudioVersion = 10.0.40219.1
Project("{FAE04EC0-301F-11D3-BF4B-00C04F79EFBC}") = "KanjiKbd", "KanjiKbd\KanjiKbd.csproj", "{411E02B1-2773-4A48-9EA9-5B8D080490EC}"
EndProject
Project("{FAE04EC0-301F-11D3-BF4B-00C04F79EFBC}") = "TestProject", "ConsoleApp1\TestProject.csproj", "{49E61E8B-CA39-4FD4-BC56-8511B54B5F98}"
EndProject
Project("{FAE04EC0-301F-11D3-BF4B-00C04F79EFBC}") = "ImageTest", "ImageTest\ImageTest.csproj", "{2855662F-334E-4CCD-B9AC-91D5F9FB4B8C}"
EndProject
Global
	GlobalSection(SolutionConfigurationPlatforms) = preSolution
		Debug|Any CPU = Debug|Any CPU
		Release|Any CPU = Release|Any CPU
	EndGlobalSection
	GlobalSection(ProjectConfigurationPlatforms) = postSolution
		{411E02B1-2773-4A48-9EA9-5B8D080490EC}.Debug|Any CPU.ActiveCfg = Debug|Any CPU
		{411E02B1-2773-4A48-9EA9-5B8D080490EC}.Debug|Any CPU.Build.0 = Debug|Any CPU
		{411E02B1-2773-4A48-9EA9-5B8D080490EC}.Release|Any CPU.ActiveCfg = Release|Any CPU
		{411E02B1-2773-4A48-9EA9-5B8D080490EC}.Release|Any CPU.Build.0 = Release|Any CPU
		{49E61E8B-CA39-4FD4-BC56-8511B54B5F98}.Debug|Any CPU.ActiveCfg = Debug|Any CPU
		{49E61E8B-CA39-4FD4-BC56-8511B54B5F98}.Debug|Any CPU.Build.0 = Debug|Any CPU
		{49E61E8B-CA39-4FD4-BC56-8511B54B5F98}.Release|Any CPU.ActiveCfg = Release|Any CPU
		{49E61E8B-CA39-4FD4-BC56-8511B54B5F98}.Release|Any CPU.Build.0 = Release|Any CPU
		{2855662F-334E-4CCD-B9AC-91D5F9FB4B8C}.Debug|Any CPU.ActiveCfg = Debug|Any CPU
		{2855662F-334E-4CCD-B9AC-91D5F9FB4B8C}.Debug|Any CPU.Build.0 = Debug|Any CPU
		{2855662F-334E-4CCD-B9AC-91D5F9FB4B8C}.Release|Any CPU.ActiveCfg = Release|Any CPU
		{2855662F-334E-4CCD-B9AC-91D5F9FB4B8C}.Release|Any CPU.Build.0 = Release|Any CPU
	EndGlobalSection
	GlobalSection(SolutionProperties) = preSolution
		HideSolutionNode = FALSE
	EndGlobalSection
	GlobalSection(ExtensibilityGlobals) = postSolution
		SolutionGuid = {13BFF4FE-DFEC-48F1-8665-4955DA46042B}
	EndGlobalSection
EndGlobal
